
Microsoft Visual Studio Solution File, Format Version 12.00
# Visual Studio Version 17
VisualStudioVersion = 17.0.31903.59
MinimumVisualStudioVersion = 10.0.40219.1
Project("{2150E333-8FDC-42A3-9474-1A3956D46DE8}") = "src", "src", "{827E0CD3-B72D-47B6-A68D-7590B98EB39B}"
EndProject
Project("{FAE04EC0-301F-11D3-BF4B-00C04F79EFBC}") = "EntglDb.Core", "src\EntglDb.Core\EntglDb.Core.csproj", "{7309A1D1-C931-431B-9232-C77027A56321}"
EndProject
Project("{FAE04EC0-301F-11D3-BF4B-00C04F79EFBC}") = "EntglDb.Network", "src\EntglDb.Network\EntglDb.Network.csproj", "{89C4FF03-CF90-4FE6-83C3-7617242C533C}"
EndProject
Project("{FAE04EC0-301F-11D3-BF4B-00C04F79EFBC}") = "EntglDb.Persistence.Sqlite", "src\EntglDb.Persistence.Sqlite\EntglDb.Persistence.Sqlite.csproj", "{CB853B35-FFE4-452D-9CCF-83F76F9E55C9}"
EndProject
Project("{2150E333-8FDC-42A3-9474-1A3956D46DE8}") = "samples", "samples", "{5D20AA90-6969-D8BD-9DCD-8634F4692FDA}"
EndProject
Project("{FAE04EC0-301F-11D3-BF4B-00C04F79EFBC}") = "EntglDb.Sample.Console", "samples\EntglDb.Sample.Console\EntglDb.Sample.Console.csproj", "{361599B9-FD93-4660-B68E-F21873330DEE}"
EndProject
Project("{2150E333-8FDC-42A3-9474-1A3956D46DE8}") = "tests", "tests", "{0AB3BF05-4346-4AA6-1389-037BE0695223}"
EndProject
Project("{FAE04EC0-301F-11D3-BF4B-00C04F79EFBC}") = "EntglDb.Core.Tests", "tests\EntglDb.Core.Tests\EntglDb.Core.Tests.csproj", "{7AE41239-FB4C-4747-AC9E-9F917B473D1E}"
EndProject
Project("{FAE04EC0-301F-11D3-BF4B-00C04F79EFBC}") = "EntglDb.Persistence.Sqlite.Tests", "tests\EntglDb.Persistence.Sqlite.Tests\EntglDb.Persistence.Sqlite.Tests.csproj", "{7C71730B-94E3-407A-9435-3DF84A74D2F3}"
EndProject
Project("{FAE04EC0-301F-11D3-BF4B-00C04F79EFBC}") = "EntglDb.Network.Tests", "tests\EntglDb.Network.Tests\EntglDb.Network.Tests.csproj", "{43ACCC85-6888-48F6-BB11-43C01E316524}"
EndProject
Project("{FAE04EC0-301F-11D3-BF4B-00C04F79EFBC}") = "EntglDb.Sample.Shared", "samples\EntglDb.Sample.Shared\EntglDb.Sample.Shared.csproj", "{B1083F22-EB07-4E09-9C8D-A1E829C20C51}"
EndProject
Project("{FAE04EC0-301F-11D3-BF4B-00C04F79EFBC}") = "EntglDb.Test.Avalonia", "samples\EntglDb.Test.Avalonia\EntglDb.Test.Avalonia.csproj", "{69D4E559-3990-4F0A-803A-37AFB1B2C615}"
EndProject
Project("{FAE04EC0-301F-11D3-BF4B-00C04F79EFBC}") = "EntglDb.Test.Maui", "samples\EntglDb.Test.Maui\EntglDb.Test.Maui.csproj", "{BCDDA2A8-4FC3-43A2-A357-DC9060ABA082}"
EndProject
Project("{2150E333-8FDC-42A3-9474-1A3956D46DE8}") = "tools", "tools", "{07C2787E-EAC7-C090-1BA3-A61EC2A24D84}"
EndProject
Project("{FAE04EC0-301F-11D3-BF4B-00C04F79EFBC}") = "EntglStudio", "tools\EntglStudio\EntglStudio.csproj", "{E43B47C8-F691-4930-B91B-84F39165A8E1}"
EndProject
Global
	GlobalSection(SolutionConfigurationPlatforms) = preSolution
		Debug|Any CPU = Debug|Any CPU
		Debug|x64 = Debug|x64
		Debug|x86 = Debug|x86
		Release|Any CPU = Release|Any CPU
		Release|x64 = Release|x64
		Release|x86 = Release|x86
	EndGlobalSection
	GlobalSection(ProjectConfigurationPlatforms) = postSolution
		{7309A1D1-C931-431B-9232-C77027A56321}.Debug|Any CPU.ActiveCfg = Debug|Any CPU
		{7309A1D1-C931-431B-9232-C77027A56321}.Debug|Any CPU.Build.0 = Debug|Any CPU
		{7309A1D1-C931-431B-9232-C77027A56321}.Debug|x64.ActiveCfg = Debug|Any CPU
		{7309A1D1-C931-431B-9232-C77027A56321}.Debug|x64.Build.0 = Debug|Any CPU
		{7309A1D1-C931-431B-9232-C77027A56321}.Debug|x86.ActiveCfg = Debug|Any CPU
		{7309A1D1-C931-431B-9232-C77027A56321}.Debug|x86.Build.0 = Debug|Any CPU
		{7309A1D1-C931-431B-9232-C77027A56321}.Release|Any CPU.ActiveCfg = Release|Any CPU
		{7309A1D1-C931-431B-9232-C77027A56321}.Release|Any CPU.Build.0 = Release|Any CPU
		{7309A1D1-C931-431B-9232-C77027A56321}.Release|x64.ActiveCfg = Release|Any CPU
		{7309A1D1-C931-431B-9232-C77027A56321}.Release|x64.Build.0 = Release|Any CPU
		{7309A1D1-C931-431B-9232-C77027A56321}.Release|x86.ActiveCfg = Release|Any CPU
		{7309A1D1-C931-431B-9232-C77027A56321}.Release|x86.Build.0 = Release|Any CPU
		{89C4FF03-CF90-4FE6-83C3-7617242C533C}.Debug|Any CPU.ActiveCfg = Debug|Any CPU
		{89C4FF03-CF90-4FE6-83C3-7617242C533C}.Debug|Any CPU.Build.0 = Debug|Any CPU
		{89C4FF03-CF90-4FE6-83C3-7617242C533C}.Debug|x64.ActiveCfg = Debug|Any CPU
		{89C4FF03-CF90-4FE6-83C3-7617242C533C}.Debug|x64.Build.0 = Debug|Any CPU
		{89C4FF03-CF90-4FE6-83C3-7617242C533C}.Debug|x86.ActiveCfg = Debug|Any CPU
		{89C4FF03-CF90-4FE6-83C3-7617242C533C}.Debug|x86.Build.0 = Debug|Any CPU
		{89C4FF03-CF90-4FE6-83C3-7617242C533C}.Release|Any CPU.ActiveCfg = Release|Any CPU
		{89C4FF03-CF90-4FE6-83C3-7617242C533C}.Release|Any CPU.Build.0 = Release|Any CPU
		{89C4FF03-CF90-4FE6-83C3-7617242C533C}.Release|x64.ActiveCfg = Release|Any CPU
		{89C4FF03-CF90-4FE6-83C3-7617242C533C}.Release|x64.Build.0 = Release|Any CPU
		{89C4FF03-CF90-4FE6-83C3-7617242C533C}.Release|x86.ActiveCfg = Release|Any CPU
		{89C4FF03-CF90-4FE6-83C3-7617242C533C}.Release|x86.Build.0 = Release|Any CPU
		{CB853B35-FFE4-452D-9CCF-83F76F9E55C9}.Debug|Any CPU.ActiveCfg = Debug|Any CPU
		{CB853B35-FFE4-452D-9CCF-83F76F9E55C9}.Debug|Any CPU.Build.0 = Debug|Any CPU
		{CB853B35-FFE4-452D-9CCF-83F76F9E55C9}.Debug|x64.ActiveCfg = Debug|Any CPU
		{CB853B35-FFE4-452D-9CCF-83F76F9E55C9}.Debug|x64.Build.0 = Debug|Any CPU
		{CB853B35-FFE4-452D-9CCF-83F76F9E55C9}.Debug|x86.ActiveCfg = Debug|Any CPU
		{CB853B35-FFE4-452D-9CCF-83F76F9E55C9}.Debug|x86.Build.0 = Debug|Any CPU
		{CB853B35-FFE4-452D-9CCF-83F76F9E55C9}.Release|Any CPU.ActiveCfg = Release|Any CPU
		{CB853B35-FFE4-452D-9CCF-83F76F9E55C9}.Release|Any CPU.Build.0 = Release|Any CPU
		{CB853B35-FFE4-452D-9CCF-83F76F9E55C9}.Release|x64.ActiveCfg = Release|Any CPU
		{CB853B35-FFE4-452D-9CCF-83F76F9E55C9}.Release|x64.Build.0 = Release|Any CPU
		{CB853B35-FFE4-452D-9CCF-83F76F9E55C9}.Release|x86.ActiveCfg = Release|Any CPU
		{CB853B35-FFE4-452D-9CCF-83F76F9E55C9}.Release|x86.Build.0 = Release|Any CPU
		{361599B9-FD93-4660-B68E-F21873330DEE}.Debug|Any CPU.ActiveCfg = Debug|Any CPU
		{361599B9-FD93-4660-B68E-F21873330DEE}.Debug|Any CPU.Build.0 = Debug|Any CPU
		{361599B9-FD93-4660-B68E-F21873330DEE}.Debug|x64.ActiveCfg = Debug|Any CPU
		{361599B9-FD93-4660-B68E-F21873330DEE}.Debug|x64.Build.0 = Debug|Any CPU
		{361599B9-FD93-4660-B68E-F21873330DEE}.Debug|x86.ActiveCfg = Debug|Any CPU
		{361599B9-FD93-4660-B68E-F21873330DEE}.Debug|x86.Build.0 = Debug|Any CPU
		{361599B9-FD93-4660-B68E-F21873330DEE}.Release|Any CPU.ActiveCfg = Release|Any CPU
		{361599B9-FD93-4660-B68E-F21873330DEE}.Release|Any CPU.Build.0 = Release|Any CPU
		{361599B9-FD93-4660-B68E-F21873330DEE}.Release|x64.ActiveCfg = Release|Any CPU
		{361599B9-FD93-4660-B68E-F21873330DEE}.Release|x64.Build.0 = Release|Any CPU
		{361599B9-FD93-4660-B68E-F21873330DEE}.Release|x86.ActiveCfg = Release|Any CPU
		{361599B9-FD93-4660-B68E-F21873330DEE}.Release|x86.Build.0 = Release|Any CPU
		{7AE41239-FB4C-4747-AC9E-9F917B473D1E}.Debug|Any CPU.ActiveCfg = Debug|Any CPU
		{7AE41239-FB4C-4747-AC9E-9F917B473D1E}.Debug|Any CPU.Build.0 = Debug|Any CPU
		{7AE41239-FB4C-4747-AC9E-9F917B473D1E}.Debug|x64.ActiveCfg = Debug|Any CPU
		{7AE41239-FB4C-4747-AC9E-9F917B473D1E}.Debug|x64.Build.0 = Debug|Any CPU
		{7AE41239-FB4C-4747-AC9E-9F917B473D1E}.Debug|x86.ActiveCfg = Debug|Any CPU
		{7AE41239-FB4C-4747-AC9E-9F917B473D1E}.Debug|x86.Build.0 = Debug|Any CPU
		{7AE41239-FB4C-4747-AC9E-9F917B473D1E}.Release|Any CPU.ActiveCfg = Release|Any CPU
		{7AE41239-FB4C-4747-AC9E-9F917B473D1E}.Release|Any CPU.Build.0 = Release|Any CPU
		{7AE41239-FB4C-4747-AC9E-9F917B473D1E}.Release|x64.ActiveCfg = Release|Any CPU
		{7AE41239-FB4C-4747-AC9E-9F917B473D1E}.Release|x64.Build.0 = Release|Any CPU
		{7AE41239-FB4C-4747-AC9E-9F917B473D1E}.Release|x86.ActiveCfg = Release|Any CPU
		{7AE41239-FB4C-4747-AC9E-9F917B473D1E}.Release|x86.Build.0 = Release|Any CPU
		{7C71730B-94E3-407A-9435-3DF84A74D2F3}.Debug|Any CPU.ActiveCfg = Debug|Any CPU
		{7C71730B-94E3-407A-9435-3DF84A74D2F3}.Debug|Any CPU.Build.0 = Debug|Any CPU
		{7C71730B-94E3-407A-9435-3DF84A74D2F3}.Debug|x64.ActiveCfg = Debug|Any CPU
		{7C71730B-94E3-407A-9435-3DF84A74D2F3}.Debug|x64.Build.0 = Debug|Any CPU
		{7C71730B-94E3-407A-9435-3DF84A74D2F3}.Debug|x86.ActiveCfg = Debug|Any CPU
		{7C71730B-94E3-407A-9435-3DF84A74D2F3}.Debug|x86.Build.0 = Debug|Any CPU
		{7C71730B-94E3-407A-9435-3DF84A74D2F3}.Release|Any CPU.ActiveCfg = Release|Any CPU
		{7C71730B-94E3-407A-9435-3DF84A74D2F3}.Release|Any CPU.Build.0 = Release|Any CPU
		{7C71730B-94E3-407A-9435-3DF84A74D2F3}.Release|x64.ActiveCfg = Release|Any CPU
		{7C71730B-94E3-407A-9435-3DF84A74D2F3}.Release|x64.Build.0 = Release|Any CPU
		{7C71730B-94E3-407A-9435-3DF84A74D2F3}.Release|x86.ActiveCfg = Release|Any CPU
		{7C71730B-94E3-407A-9435-3DF84A74D2F3}.Release|x86.Build.0 = Release|Any CPU
		{43ACCC85-6888-48F6-BB11-43C01E316524}.Debug|Any CPU.ActiveCfg = Debug|Any CPU
		{43ACCC85-6888-48F6-BB11-43C01E316524}.Debug|Any CPU.Build.0 = Debug|Any CPU
		{43ACCC85-6888-48F6-BB11-43C01E316524}.Debug|x64.ActiveCfg = Debug|Any CPU
		{43ACCC85-6888-48F6-BB11-43C01E316524}.Debug|x64.Build.0 = Debug|Any CPU
		{43ACCC85-6888-48F6-BB11-43C01E316524}.Debug|x86.ActiveCfg = Debug|Any CPU
		{43ACCC85-6888-48F6-BB11-43C01E316524}.Debug|x86.Build.0 = Debug|Any CPU
		{43ACCC85-6888-48F6-BB11-43C01E316524}.Release|Any CPU.ActiveCfg = Release|Any CPU
		{43ACCC85-6888-48F6-BB11-43C01E316524}.Release|Any CPU.Build.0 = Release|Any CPU
		{43ACCC85-6888-48F6-BB11-43C01E316524}.Release|x64.ActiveCfg = Release|Any CPU
		{43ACCC85-6888-48F6-BB11-43C01E316524}.Release|x64.Build.0 = Release|Any CPU
		{43ACCC85-6888-48F6-BB11-43C01E316524}.Release|x86.ActiveCfg = Release|Any CPU
		{43ACCC85-6888-48F6-BB11-43C01E316524}.Release|x86.Build.0 = Release|Any CPU
		{B1083F22-EB07-4E09-9C8D-A1E829C20C51}.Debug|Any CPU.ActiveCfg = Debug|Any CPU
		{B1083F22-EB07-4E09-9C8D-A1E829C20C51}.Debug|Any CPU.Build.0 = Debug|Any CPU
		{B1083F22-EB07-4E09-9C8D-A1E829C20C51}.Debug|x64.ActiveCfg = Debug|Any CPU
		{B1083F22-EB07-4E09-9C8D-A1E829C20C51}.Debug|x64.Build.0 = Debug|Any CPU
		{B1083F22-EB07-4E09-9C8D-A1E829C20C51}.Debug|x86.ActiveCfg = Debug|Any CPU
		{B1083F22-EB07-4E09-9C8D-A1E829C20C51}.Debug|x86.Build.0 = Debug|Any CPU
		{B1083F22-EB07-4E09-9C8D-A1E829C20C51}.Release|Any CPU.ActiveCfg = Release|Any CPU
		{B1083F22-EB07-4E09-9C8D-A1E829C20C51}.Release|Any CPU.Build.0 = Release|Any CPU
		{B1083F22-EB07-4E09-9C8D-A1E829C20C51}.Release|x64.ActiveCfg = Release|Any CPU
		{B1083F22-EB07-4E09-9C8D-A1E829C20C51}.Release|x64.Build.0 = Release|Any CPU
		{B1083F22-EB07-4E09-9C8D-A1E829C20C51}.Release|x86.ActiveCfg = Release|Any CPU
		{B1083F22-EB07-4E09-9C8D-A1E829C20C51}.Release|x86.Build.0 = Release|Any CPU
		{69D4E559-3990-4F0A-803A-37AFB1B2C615}.Debug|Any CPU.ActiveCfg = Debug|Any CPU
		{69D4E559-3990-4F0A-803A-37AFB1B2C615}.Debug|Any CPU.Build.0 = Debug|Any CPU
		{69D4E559-3990-4F0A-803A-37AFB1B2C615}.Debug|x64.ActiveCfg = Debug|Any CPU
		{69D4E559-3990-4F0A-803A-37AFB1B2C615}.Debug|x64.Build.0 = Debug|Any CPU
		{69D4E559-3990-4F0A-803A-37AFB1B2C615}.Debug|x86.ActiveCfg = Debug|Any CPU
		{69D4E559-3990-4F0A-803A-37AFB1B2C615}.Debug|x86.Build.0 = Debug|Any CPU
		{69D4E559-3990-4F0A-803A-37AFB1B2C615}.Release|Any CPU.ActiveCfg = Release|Any CPU
		{69D4E559-3990-4F0A-803A-37AFB1B2C615}.Release|Any CPU.Build.0 = Release|Any CPU
		{69D4E559-3990-4F0A-803A-37AFB1B2C615}.Release|x64.ActiveCfg = Release|Any CPU
		{69D4E559-3990-4F0A-803A-37AFB1B2C615}.Release|x64.Build.0 = Release|Any CPU
		{69D4E559-3990-4F0A-803A-37AFB1B2C615}.Release|x86.ActiveCfg = Release|Any CPU
		{69D4E559-3990-4F0A-803A-37AFB1B2C615}.Release|x86.Build.0 = Release|Any CPU
		{BCDDA2A8-4FC3-43A2-A357-DC9060ABA082}.Debug|Any CPU.ActiveCfg = Debug|Any CPU
		{BCDDA2A8-4FC3-43A2-A357-DC9060ABA082}.Debug|Any CPU.Build.0 = Debug|Any CPU
		{BCDDA2A8-4FC3-43A2-A357-DC9060ABA082}.Debug|x64.ActiveCfg = Debug|Any CPU
		{BCDDA2A8-4FC3-43A2-A357-DC9060ABA082}.Debug|x64.Build.0 = Debug|Any CPU
		{BCDDA2A8-4FC3-43A2-A357-DC9060ABA082}.Debug|x86.ActiveCfg = Debug|Any CPU
		{BCDDA2A8-4FC3-43A2-A357-DC9060ABA082}.Debug|x86.Build.0 = Debug|Any CPU
		{BCDDA2A8-4FC3-43A2-A357-DC9060ABA082}.Release|Any CPU.ActiveCfg = Release|Any CPU
		{BCDDA2A8-4FC3-43A2-A357-DC9060ABA082}.Release|Any CPU.Build.0 = Release|Any CPU
		{BCDDA2A8-4FC3-43A2-A357-DC9060ABA082}.Release|x64.ActiveCfg = Release|Any CPU
		{BCDDA2A8-4FC3-43A2-A357-DC9060ABA082}.Release|x64.Build.0 = Release|Any CPU
		{BCDDA2A8-4FC3-43A2-A357-DC9060ABA082}.Release|x86.ActiveCfg = Release|Any CPU
		{BCDDA2A8-4FC3-43A2-A357-DC9060ABA082}.Release|x86.Build.0 = Release|Any CPU
		{E43B47C8-F691-4930-B91B-84F39165A8E1}.Debug|Any CPU.ActiveCfg = Debug|Any CPU
		{E43B47C8-F691-4930-B91B-84F39165A8E1}.Debug|Any CPU.Build.0 = Debug|Any CPU
		{E43B47C8-F691-4930-B91B-84F39165A8E1}.Debug|x64.ActiveCfg = Debug|Any CPU
		{E43B47C8-F691-4930-B91B-84F39165A8E1}.Debug|x64.Build.0 = Debug|Any CPU
		{E43B47C8-F691-4930-B91B-84F39165A8E1}.Debug|x86.ActiveCfg = Debug|Any CPU
		{E43B47C8-F691-4930-B91B-84F39165A8E1}.Debug|x86.Build.0 = Debug|Any CPU
		{E43B47C8-F691-4930-B91B-84F39165A8E1}.Release|Any CPU.ActiveCfg = Release|Any CPU
		{E43B47C8-F691-4930-B91B-84F39165A8E1}.Release|Any CPU.Build.0 = Release|Any CPU
		{E43B47C8-F691-4930-B91B-84F39165A8E1}.Release|x64.ActiveCfg = Release|Any CPU
		{E43B47C8-F691-4930-B91B-84F39165A8E1}.Release|x64.Build.0 = Release|Any CPU
		{E43B47C8-F691-4930-B91B-84F39165A8E1}.Release|x86.ActiveCfg = Release|Any CPU
		{E43B47C8-F691-4930-B91B-84F39165A8E1}.Release|x86.Build.0 = Release|Any CPU
	EndGlobalSection
	GlobalSection(SolutionProperties) = preSolution
		HideSolutionNode = FALSE
	EndGlobalSection
	GlobalSection(NestedProjects) = preSolution
		{7309A1D1-C931-431B-9232-C77027A56321} = {827E0CD3-B72D-47B6-A68D-7590B98EB39B}
		{89C4FF03-CF90-4FE6-83C3-7617242C533C} = {827E0CD3-B72D-47B6-A68D-7590B98EB39B}
		{CB853B35-FFE4-452D-9CCF-83F76F9E55C9} = {827E0CD3-B72D-47B6-A68D-7590B98EB39B}
		{361599B9-FD93-4660-B68E-F21873330DEE} = {5D20AA90-6969-D8BD-9DCD-8634F4692FDA}
		{7AE41239-FB4C-4747-AC9E-9F917B473D1E} = {0AB3BF05-4346-4AA6-1389-037BE0695223}
		{7C71730B-94E3-407A-9435-3DF84A74D2F3} = {0AB3BF05-4346-4AA6-1389-037BE0695223}
		{43ACCC85-6888-48F6-BB11-43C01E316524} = {0AB3BF05-4346-4AA6-1389-037BE0695223}
		{B1083F22-EB07-4E09-9C8D-A1E829C20C51} = {5D20AA90-6969-D8BD-9DCD-8634F4692FDA}
		{69D4E559-3990-4F0A-803A-37AFB1B2C615} = {5D20AA90-6969-D8BD-9DCD-8634F4692FDA}
		{BCDDA2A8-4FC3-43A2-A357-DC9060ABA082} = {5D20AA90-6969-D8BD-9DCD-8634F4692FDA}
		{E43B47C8-F691-4930-B91B-84F39165A8E1} = {07C2787E-EAC7-C090-1BA3-A61EC2A24D84}
	EndGlobalSection
EndGlobal
